<Solution>
  <Folder Name="/src/">
    <Project Path="src/AI.SpectrumAdventure.Agents/AI.SpectrumAdventure.Agents.csproj" />
    <Project Path="src/AI.SpectrumAdventure.Application/AI.SpectrumAdventure.Application.csproj" />
    <Project Path="src/AI.SpectrumAdventure.Contracts/AI.SpectrumAdventure.Contracts.csproj" />
    <Project Path="src/AI.SpectrumAdventure.Domain/AI.SpectrumAdventure.Domain.csproj" />
    <Project Path="src/AI.SpectrumAdventure.Infrastructure/AI.SpectrumAdventure.Infrastructure.csproj" />
    <Project Path="src/AI.SpectrumAdventure.Web/AI.SpectrumAdventure.Web.csproj" />
  </Folder>
  <Folder Name="/tests/">
    <Project Path="tests/AI.SpectrumAdventure.Agents.Tests/AI.SpectrumAdventure.Agents.Tests.csproj" />
    <Project Path="tests/AI.SpectrumAdventure.Application.Tests/AI.SpectrumAdventure.Application.Tests.csproj" />
    <Project Path="tests/AI.SpectrumAdventure.Domain.Tests/AI.SpectrumAdventure.Domain.Tests.csproj" />
    <Project Path="tests/AI.SpectrumAdventure.IntegrationTests/AI.SpectrumAdventure.IntegrationTests.csproj" />
  </Folder>
</Solution>
